
Microsoft Visual Studio Solution File, Format Version 12.00
# Visual Studio 2012
Project("{FAE04EC0-301F-11D3-BF4B-00C04F79EFBC}") = "BrowserSearchEngineInstaller", "BrowserSearchEngineInstaller\BrowserSearchEngineInstaller.csproj", "{32661DDE-87E4-4CC7-9A96-9F740FC76310}"
EndProject
Global
	GlobalSection(TeamFoundationVersionControl) = preSolution
		SccNumberOfProjects = 2
		SccEnterpriseProvider = {4CA58AB2-18FA-4F8D-95D4-32DDF27D184C}
		SccTeamFoundationServer = http://forrestal:8080/
		SccLocalPath0 = .
		SccProjectUniqueName1 = BrowserSearchEngineInstaller\\BrowserSearchEngineInstaller.csproj
		SccProjectName1 = BrowserSearchEngineInstaller
		SccLocalPath1 = BrowserSearchEngineInstaller
	EndGlobalSection
	GlobalSection(SolutionConfigurationPlatforms) = preSolution
		Debug|Any CPU = Debug|Any CPU
		Release|Any CPU = Release|Any CPU
	EndGlobalSection
	GlobalSection(ProjectConfigurationPlatforms) = postSolution
		{32661DDE-87E4-4CC7-9A96-9F740FC76310}.Debug|Any CPU.ActiveCfg = Debug|Any CPU
		{32661DDE-87E4-4CC7-9A96-9F740FC76310}.Debug|Any CPU.Build.0 = Debug|Any CPU
		{32661DDE-87E4-4CC7-9A96-9F740FC76310}.Release|Any CPU.ActiveCfg = Release|Any CPU
		{32661DDE-87E4-4CC7-9A96-9F740FC76310}.Release|Any CPU.Build.0 = Release|Any CPU
	EndGlobalSection
	GlobalSection(SolutionProperties) = preSolution
		HideSolutionNode = FALSE
	EndGlobalSection
EndGlobal
