
Microsoft Visual Studio Solution File, Format Version 12.00
# Visual Studio 14
VisualStudioVersion = 14.0.25420.1
MinimumVisualStudioVersion = 10.0.40219.1
Project("{2150E333-8FDC-42A3-9474-1A3956D46DE8}") = "UnitTests", "UnitTests", "{93CD009B-0440-4C77-A983-A744578FD3BB}"
EndProject
Project("{2150E333-8FDC-42A3-9474-1A3956D46DE8}") = "Common", "Common", "{D17CCFDD-2988-4A28-ADA4-2BB1F29D80E3}"
EndProject
Project("{2150E333-8FDC-42A3-9474-1A3956D46DE8}") = "Web Mining", "Web Mining", "{A3012989-74EB-4F69-BAA7-E43AE0A0513C}"
EndProject
Project("{FAE04EC0-301F-11D3-BF4B-00C04F79EFBC}") = "DatabaseInitialization", "DatabaseInitialization\DatabaseInitialization.csproj", "{E657D4C7-C837-4C68-9D63-3E1C3C1F3C2E}"
EndProject
Project("{FAE04EC0-301F-11D3-BF4B-00C04F79EFBC}") = "Common", "..\..\DotNet-Common\Common\Common.csproj", "{DD93FCFF-3B20-4877-B00C-97905F718CDF}"
EndProject
Project("{FAE04EC0-301F-11D3-BF4B-00C04F79EFBC}") = "Collections", "..\..\DotNet-Collections\Collections\Collections.csproj", "{EA309BCF-1B4F-4E84-BD88-799BB9EE121F}"
EndProject
Project("{FAE04EC0-301F-11D3-BF4B-00C04F79EFBC}") = "Collections.Generic", "..\..\DotNet-Collections.Generic\Collections.Generic\Collections.Generic.csproj", "{1DC4D59B-9707-4912-B32F-D066E57D3528}"
EndProject
Project("{FAE04EC0-301F-11D3-BF4B-00C04F79EFBC}") = "Collections.Generic.Concurrent", "..\..\DotNet-Collections.Generic.Concurrent\Collections.Generic.Concurrent\Collections.Generic.Concurrent.csproj", "{7E9944CF-E51C-4E5F-AD68-B2AB20078704}"
EndProject
Project("{FAE04EC0-301F-11D3-BF4B-00C04F79EFBC}") = "Common.EF", "..\..\DotNet-Common.EF\Common.EF\Common.EF.csproj", "{9C536641-FE2A-46B3-BAC5-FF70253F1917}"
EndProject
Project("{FAE04EC0-301F-11D3-BF4B-00C04F79EFBC}") = "Common.Web", "..\..\DotNet-Common.Web\Common.Web\Common.Web.csproj", "{3DB7E871-42BA-4A43-935B-707D552E0AAE}"
EndProject
Project("{FAE04EC0-301F-11D3-BF4B-00C04F79EFBC}") = "SearchProvidor", "..\..\SearchProvider\SearchProvidor\SearchProvidor.csproj", "{C43C6E49-C2EE-41CC-9321-89115B1EBA59}"
EndProject
Project("{FAE04EC0-301F-11D3-BF4B-00C04F79EFBC}") = "Nereus", "Nereus\Nereus.csproj", "{744F2E15-8CAC-4C89-A677-C157AE574714}"
EndProject
Project("{FAE04EC0-301F-11D3-BF4B-00C04F79EFBC}") = "Nereus.Atrax", "Nereus.Atrax\Nereus.Atrax.csproj", "{6A719ABF-AB4B-47A1-81DD-64BF0EA0A087}"
EndProject
Project("{FAE04EC0-301F-11D3-BF4B-00C04F79EFBC}") = "Nereus.Atrax.Tests", "Nereus.Atrax.Tests\Nereus.Atrax.Tests.csproj", "{472B4E43-337B-4ADC-B3A9-53D84B1943F9}"
EndProject
Global
	GlobalSection(SolutionConfigurationPlatforms) = preSolution
		Debug MimeoCmd|Any CPU = Debug MimeoCmd|Any CPU
		Debug|Any CPU = Debug|Any CPU
		Dev|Any CPU = Dev|Any CPU
		DevDebug|Any CPU = DevDebug|Any CPU
		DevDeploy|Any CPU = DevDeploy|Any CPU
		LocalDebug|Any CPU = LocalDebug|Any CPU
		LocalTest|Any CPU = LocalTest|Any CPU
		Release|Any CPU = Release|Any CPU
		Test|Any CPU = Test|Any CPU
	EndGlobalSection
	GlobalSection(ProjectConfigurationPlatforms) = postSolution
		{E657D4C7-C837-4C68-9D63-3E1C3C1F3C2E}.Debug MimeoCmd|Any CPU.ActiveCfg = Debug|Any CPU
		{E657D4C7-C837-4C68-9D63-3E1C3C1F3C2E}.Debug MimeoCmd|Any CPU.Build.0 = Debug|Any CPU
		{E657D4C7-C837-4C68-9D63-3E1C3C1F3C2E}.Debug|Any CPU.ActiveCfg = Debug|Any CPU
		{E657D4C7-C837-4C68-9D63-3E1C3C1F3C2E}.Debug|Any CPU.Build.0 = Debug|Any CPU
		{E657D4C7-C837-4C68-9D63-3E1C3C1F3C2E}.Dev|Any CPU.ActiveCfg = Release|Any CPU
		{E657D4C7-C837-4C68-9D63-3E1C3C1F3C2E}.DevDebug|Any CPU.ActiveCfg = Debug|Any CPU
		{E657D4C7-C837-4C68-9D63-3E1C3C1F3C2E}.DevDeploy|Any CPU.ActiveCfg = Release|Any CPU
		{E657D4C7-C837-4C68-9D63-3E1C3C1F3C2E}.LocalDebug|Any CPU.ActiveCfg = Debug|Any CPU
		{E657D4C7-C837-4C68-9D63-3E1C3C1F3C2E}.LocalTest|Any CPU.ActiveCfg = Debug|Any CPU
		{E657D4C7-C837-4C68-9D63-3E1C3C1F3C2E}.LocalTest|Any CPU.Build.0 = Debug|Any CPU
		{E657D4C7-C837-4C68-9D63-3E1C3C1F3C2E}.Release|Any CPU.ActiveCfg = Release|Any CPU
		{E657D4C7-C837-4C68-9D63-3E1C3C1F3C2E}.Release|Any CPU.Build.0 = Release|Any CPU
		{E657D4C7-C837-4C68-9D63-3E1C3C1F3C2E}.Test|Any CPU.ActiveCfg = Test|Any CPU
		{E657D4C7-C837-4C68-9D63-3E1C3C1F3C2E}.Test|Any CPU.Build.0 = Test|Any CPU
		{DD93FCFF-3B20-4877-B00C-97905F718CDF}.Debug MimeoCmd|Any CPU.ActiveCfg = Debug MimeoCmd|Any CPU
		{DD93FCFF-3B20-4877-B00C-97905F718CDF}.Debug MimeoCmd|Any CPU.Build.0 = Debug MimeoCmd|Any CPU
		{DD93FCFF-3B20-4877-B00C-97905F718CDF}.Debug|Any CPU.ActiveCfg = Debug|Any CPU
		{DD93FCFF-3B20-4877-B00C-97905F718CDF}.Debug|Any CPU.Build.0 = Debug|Any CPU
		{DD93FCFF-3B20-4877-B00C-97905F718CDF}.Dev|Any CPU.ActiveCfg = Debug MimeoCmd|Any CPU
		{DD93FCFF-3B20-4877-B00C-97905F718CDF}.Dev|Any CPU.Build.0 = Debug MimeoCmd|Any CPU
		{DD93FCFF-3B20-4877-B00C-97905F718CDF}.DevDebug|Any CPU.ActiveCfg = Debug|Any CPU
		{DD93FCFF-3B20-4877-B00C-97905F718CDF}.DevDebug|Any CPU.Build.0 = Debug|Any CPU
		{DD93FCFF-3B20-4877-B00C-97905F718CDF}.DevDeploy|Any CPU.ActiveCfg = Debug MimeoCmd|Any CPU
		{DD93FCFF-3B20-4877-B00C-97905F718CDF}.DevDeploy|Any CPU.Build.0 = Debug MimeoCmd|Any CPU
		{DD93FCFF-3B20-4877-B00C-97905F718CDF}.LocalDebug|Any CPU.ActiveCfg = Debug|Any CPU
		{DD93FCFF-3B20-4877-B00C-97905F718CDF}.LocalDebug|Any CPU.Build.0 = Debug|Any CPU
		{DD93FCFF-3B20-4877-B00C-97905F718CDF}.LocalTest|Any CPU.ActiveCfg = Test|Any CPU
		{DD93FCFF-3B20-4877-B00C-97905F718CDF}.LocalTest|Any CPU.Build.0 = Test|Any CPU
		{DD93FCFF-3B20-4877-B00C-97905F718CDF}.Release|Any CPU.ActiveCfg = Release|Any CPU
		{DD93FCFF-3B20-4877-B00C-97905F718CDF}.Release|Any CPU.Build.0 = Release|Any CPU
		{DD93FCFF-3B20-4877-B00C-97905F718CDF}.Test|Any CPU.ActiveCfg = Test|Any CPU
		{DD93FCFF-3B20-4877-B00C-97905F718CDF}.Test|Any CPU.Build.0 = Test|Any CPU
		{EA309BCF-1B4F-4E84-BD88-799BB9EE121F}.Debug MimeoCmd|Any CPU.ActiveCfg = Debug|Any CPU
		{EA309BCF-1B4F-4E84-BD88-799BB9EE121F}.Debug MimeoCmd|Any CPU.Build.0 = Debug|Any CPU
		{EA309BCF-1B4F-4E84-BD88-799BB9EE121F}.Debug|Any CPU.ActiveCfg = Debug|Any CPU
		{EA309BCF-1B4F-4E84-BD88-799BB9EE121F}.Debug|Any CPU.Build.0 = Debug|Any CPU
		{EA309BCF-1B4F-4E84-BD88-799BB9EE121F}.Dev|Any CPU.ActiveCfg = Debug|Any CPU
		{EA309BCF-1B4F-4E84-BD88-799BB9EE121F}.Dev|Any CPU.Build.0 = Debug|Any CPU
		{EA309BCF-1B4F-4E84-BD88-799BB9EE121F}.DevDebug|Any CPU.ActiveCfg = Debug|Any CPU
		{EA309BCF-1B4F-4E84-BD88-799BB9EE121F}.DevDebug|Any CPU.Build.0 = Debug|Any CPU
		{EA309BCF-1B4F-4E84-BD88-799BB9EE121F}.DevDeploy|Any CPU.ActiveCfg = Debug|Any CPU
		{EA309BCF-1B4F-4E84-BD88-799BB9EE121F}.DevDeploy|Any CPU.Build.0 = Debug|Any CPU
		{EA309BCF-1B4F-4E84-BD88-799BB9EE121F}.LocalDebug|Any CPU.ActiveCfg = Debug|Any CPU
		{EA309BCF-1B4F-4E84-BD88-799BB9EE121F}.LocalDebug|Any CPU.Build.0 = Debug|Any CPU
		{EA309BCF-1B4F-4E84-BD88-799BB9EE121F}.LocalTest|Any CPU.ActiveCfg = Release|Any CPU
		{EA309BCF-1B4F-4E84-BD88-799BB9EE121F}.LocalTest|Any CPU.Build.0 = Release|Any CPU
		{EA309BCF-1B4F-4E84-BD88-799BB9EE121F}.Release|Any CPU.ActiveCfg = Release|Any CPU
		{EA309BCF-1B4F-4E84-BD88-799BB9EE121F}.Release|Any CPU.Build.0 = Release|Any CPU
		{EA309BCF-1B4F-4E84-BD88-799BB9EE121F}.Test|Any CPU.ActiveCfg = Release|Any CPU
		{EA309BCF-1B4F-4E84-BD88-799BB9EE121F}.Test|Any CPU.Build.0 = Release|Any CPU
		{1DC4D59B-9707-4912-B32F-D066E57D3528}.Debug MimeoCmd|Any CPU.ActiveCfg = Debug|Any CPU
		{1DC4D59B-9707-4912-B32F-D066E57D3528}.Debug MimeoCmd|Any CPU.Build.0 = Debug|Any CPU
		{1DC4D59B-9707-4912-B32F-D066E57D3528}.Debug|Any CPU.ActiveCfg = Debug|Any CPU
		{1DC4D59B-9707-4912-B32F-D066E57D3528}.Debug|Any CPU.Build.0 = Debug|Any CPU
		{1DC4D59B-9707-4912-B32F-D066E57D3528}.Dev|Any CPU.ActiveCfg = Debug|Any CPU
		{1DC4D59B-9707-4912-B32F-D066E57D3528}.Dev|Any CPU.Build.0 = Debug|Any CPU
		{1DC4D59B-9707-4912-B32F-D066E57D3528}.DevDebug|Any CPU.ActiveCfg = Debug|Any CPU
		{1DC4D59B-9707-4912-B32F-D066E57D3528}.DevDebug|Any CPU.Build.0 = Debug|Any CPU
		{1DC4D59B-9707-4912-B32F-D066E57D3528}.DevDeploy|Any CPU.ActiveCfg = Debug|Any CPU
		{1DC4D59B-9707-4912-B32F-D066E57D3528}.DevDeploy|Any CPU.Build.0 = Debug|Any CPU
		{1DC4D59B-9707-4912-B32F-D066E57D3528}.LocalDebug|Any CPU.ActiveCfg = Debug|Any CPU
		{1DC4D59B-9707-4912-B32F-D066E57D3528}.LocalDebug|Any CPU.Build.0 = Debug|Any CPU
		{1DC4D59B-9707-4912-B32F-D066E57D3528}.LocalTest|Any CPU.ActiveCfg = Test|Any CPU
		{1DC4D59B-9707-4912-B32F-D066E57D3528}.LocalTest|Any CPU.Build.0 = Test|Any CPU
		{1DC4D59B-9707-4912-B32F-D066E57D3528}.Release|Any CPU.ActiveCfg = Release|Any CPU
		{1DC4D59B-9707-4912-B32F-D066E57D3528}.Release|Any CPU.Build.0 = Release|Any CPU
		{1DC4D59B-9707-4912-B32F-D066E57D3528}.Test|Any CPU.ActiveCfg = Test|Any CPU
		{1DC4D59B-9707-4912-B32F-D066E57D3528}.Test|Any CPU.Build.0 = Test|Any CPU
		{7E9944CF-E51C-4E5F-AD68-B2AB20078704}.Debug MimeoCmd|Any CPU.ActiveCfg = Debug|Any CPU
		{7E9944CF-E51C-4E5F-AD68-B2AB20078704}.Debug MimeoCmd|Any CPU.Build.0 = Debug|Any CPU
		{7E9944CF-E51C-4E5F-AD68-B2AB20078704}.Debug|Any CPU.ActiveCfg = Debug|Any CPU
		{7E9944CF-E51C-4E5F-AD68-B2AB20078704}.Debug|Any CPU.Build.0 = Debug|Any CPU
		{7E9944CF-E51C-4E5F-AD68-B2AB20078704}.Dev|Any CPU.ActiveCfg = Debug|Any CPU
		{7E9944CF-E51C-4E5F-AD68-B2AB20078704}.Dev|Any CPU.Build.0 = Debug|Any CPU
		{7E9944CF-E51C-4E5F-AD68-B2AB20078704}.DevDebug|Any CPU.ActiveCfg = Debug|Any CPU
		{7E9944CF-E51C-4E5F-AD68-B2AB20078704}.DevDebug|Any CPU.Build.0 = Debug|Any CPU
		{7E9944CF-E51C-4E5F-AD68-B2AB20078704}.DevDeploy|Any CPU.ActiveCfg = Debug|Any CPU
		{7E9944CF-E51C-4E5F-AD68-B2AB20078704}.DevDeploy|Any CPU.Build.0 = Debug|Any CPU
		{7E9944CF-E51C-4E5F-AD68-B2AB20078704}.LocalDebug|Any CPU.ActiveCfg = Debug|Any CPU
		{7E9944CF-E51C-4E5F-AD68-B2AB20078704}.LocalDebug|Any CPU.Build.0 = Debug|Any CPU
		{7E9944CF-E51C-4E5F-AD68-B2AB20078704}.LocalTest|Any CPU.ActiveCfg = Test|Any CPU
		{7E9944CF-E51C-4E5F-AD68-B2AB20078704}.LocalTest|Any CPU.Build.0 = Test|Any CPU
		{7E9944CF-E51C-4E5F-AD68-B2AB20078704}.Release|Any CPU.ActiveCfg = Release|Any CPU
		{7E9944CF-E51C-4E5F-AD68-B2AB20078704}.Release|Any CPU.Build.0 = Release|Any CPU
		{7E9944CF-E51C-4E5F-AD68-B2AB20078704}.Test|Any CPU.ActiveCfg = Test|Any CPU
		{7E9944CF-E51C-4E5F-AD68-B2AB20078704}.Test|Any CPU.Build.0 = Test|Any CPU
		{9C536641-FE2A-46B3-BAC5-FF70253F1917}.Debug MimeoCmd|Any CPU.ActiveCfg = Debug|Any CPU
		{9C536641-FE2A-46B3-BAC5-FF70253F1917}.Debug MimeoCmd|Any CPU.Build.0 = Debug|Any CPU
		{9C536641-FE2A-46B3-BAC5-FF70253F1917}.Debug|Any CPU.ActiveCfg = Debug|Any CPU
		{9C536641-FE2A-46B3-BAC5-FF70253F1917}.Debug|Any CPU.Build.0 = Debug|Any CPU
		{9C536641-FE2A-46B3-BAC5-FF70253F1917}.Dev|Any CPU.ActiveCfg = Debug|Any CPU
		{9C536641-FE2A-46B3-BAC5-FF70253F1917}.Dev|Any CPU.Build.0 = Debug|Any CPU
		{9C536641-FE2A-46B3-BAC5-FF70253F1917}.DevDebug|Any CPU.ActiveCfg = Debug|Any CPU
		{9C536641-FE2A-46B3-BAC5-FF70253F1917}.DevDebug|Any CPU.Build.0 = Debug|Any CPU
		{9C536641-FE2A-46B3-BAC5-FF70253F1917}.DevDeploy|Any CPU.ActiveCfg = Debug|Any CPU
		{9C536641-FE2A-46B3-BAC5-FF70253F1917}.DevDeploy|Any CPU.Build.0 = Debug|Any CPU
		{9C536641-FE2A-46B3-BAC5-FF70253F1917}.LocalDebug|Any CPU.ActiveCfg = Debug|Any CPU
		{9C536641-FE2A-46B3-BAC5-FF70253F1917}.LocalDebug|Any CPU.Build.0 = Debug|Any CPU
		{9C536641-FE2A-46B3-BAC5-FF70253F1917}.LocalTest|Any CPU.ActiveCfg = Test|Any CPU
		{9C536641-FE2A-46B3-BAC5-FF70253F1917}.LocalTest|Any CPU.Build.0 = Test|Any CPU
		{9C536641-FE2A-46B3-BAC5-FF70253F1917}.Release|Any CPU.ActiveCfg = Release|Any CPU
		{9C536641-FE2A-46B3-BAC5-FF70253F1917}.Release|Any CPU.Build.0 = Release|Any CPU
		{9C536641-FE2A-46B3-BAC5-FF70253F1917}.Test|Any CPU.ActiveCfg = Test|Any CPU
		{9C536641-FE2A-46B3-BAC5-FF70253F1917}.Test|Any CPU.Build.0 = Test|Any CPU
		{3DB7E871-42BA-4A43-935B-707D552E0AAE}.Debug MimeoCmd|Any CPU.ActiveCfg = Debug|Any CPU
		{3DB7E871-42BA-4A43-935B-707D552E0AAE}.Debug MimeoCmd|Any CPU.Build.0 = Debug|Any CPU
		{3DB7E871-42BA-4A43-935B-707D552E0AAE}.Debug|Any CPU.ActiveCfg = Debug|Any CPU
		{3DB7E871-42BA-4A43-935B-707D552E0AAE}.Debug|Any CPU.Build.0 = Debug|Any CPU
		{3DB7E871-42BA-4A43-935B-707D552E0AAE}.Dev|Any CPU.ActiveCfg = Debug|Any CPU
		{3DB7E871-42BA-4A43-935B-707D552E0AAE}.Dev|Any CPU.Build.0 = Debug|Any CPU
		{3DB7E871-42BA-4A43-935B-707D552E0AAE}.DevDebug|Any CPU.ActiveCfg = Debug|Any CPU
		{3DB7E871-42BA-4A43-935B-707D552E0AAE}.DevDebug|Any CPU.Build.0 = Debug|Any CPU
		{3DB7E871-42BA-4A43-935B-707D552E0AAE}.DevDeploy|Any CPU.ActiveCfg = Debug|Any CPU
		{3DB7E871-42BA-4A43-935B-707D552E0AAE}.DevDeploy|Any CPU.Build.0 = Debug|Any CPU
		{3DB7E871-42BA-4A43-935B-707D552E0AAE}.LocalDebug|Any CPU.ActiveCfg = Debug|Any CPU
		{3DB7E871-42BA-4A43-935B-707D552E0AAE}.LocalDebug|Any CPU.Build.0 = Debug|Any CPU
		{3DB7E871-42BA-4A43-935B-707D552E0AAE}.LocalTest|Any CPU.ActiveCfg = Test|Any CPU
		{3DB7E871-42BA-4A43-935B-707D552E0AAE}.LocalTest|Any CPU.Build.0 = Test|Any CPU
		{3DB7E871-42BA-4A43-935B-707D552E0AAE}.Release|Any CPU.ActiveCfg = Release|Any CPU
		{3DB7E871-42BA-4A43-935B-707D552E0AAE}.Release|Any CPU.Build.0 = Release|Any CPU
		{3DB7E871-42BA-4A43-935B-707D552E0AAE}.Test|Any CPU.ActiveCfg = Test|Any CPU
		{3DB7E871-42BA-4A43-935B-707D552E0AAE}.Test|Any CPU.Build.0 = Test|Any CPU
		{C43C6E49-C2EE-41CC-9321-89115B1EBA59}.Debug MimeoCmd|Any CPU.ActiveCfg = Debug|Any CPU
		{C43C6E49-C2EE-41CC-9321-89115B1EBA59}.Debug MimeoCmd|Any CPU.Build.0 = Debug|Any CPU
		{C43C6E49-C2EE-41CC-9321-89115B1EBA59}.Debug|Any CPU.ActiveCfg = Debug|Any CPU
		{C43C6E49-C2EE-41CC-9321-89115B1EBA59}.Debug|Any CPU.Build.0 = Debug|Any CPU
		{C43C6E49-C2EE-41CC-9321-89115B1EBA59}.Dev|Any CPU.ActiveCfg = Debug|Any CPU
		{C43C6E49-C2EE-41CC-9321-89115B1EBA59}.Dev|Any CPU.Build.0 = Debug|Any CPU
		{C43C6E49-C2EE-41CC-9321-89115B1EBA59}.DevDebug|Any CPU.ActiveCfg = Debug|Any CPU
		{C43C6E49-C2EE-41CC-9321-89115B1EBA59}.DevDebug|Any CPU.Build.0 = Debug|Any CPU
		{C43C6E49-C2EE-41CC-9321-89115B1EBA59}.DevDeploy|Any CPU.ActiveCfg = Debug|Any CPU
		{C43C6E49-C2EE-41CC-9321-89115B1EBA59}.DevDeploy|Any CPU.Build.0 = Debug|Any CPU
		{C43C6E49-C2EE-41CC-9321-89115B1EBA59}.LocalDebug|Any CPU.ActiveCfg = Debug|Any CPU
		{C43C6E49-C2EE-41CC-9321-89115B1EBA59}.LocalDebug|Any CPU.Build.0 = Debug|Any CPU
		{C43C6E49-C2EE-41CC-9321-89115B1EBA59}.LocalTest|Any CPU.ActiveCfg = Test|Any CPU
		{C43C6E49-C2EE-41CC-9321-89115B1EBA59}.LocalTest|Any CPU.Build.0 = Test|Any CPU
		{C43C6E49-C2EE-41CC-9321-89115B1EBA59}.Release|Any CPU.ActiveCfg = Release|Any CPU
		{C43C6E49-C2EE-41CC-9321-89115B1EBA59}.Release|Any CPU.Build.0 = Release|Any CPU
		{C43C6E49-C2EE-41CC-9321-89115B1EBA59}.Test|Any CPU.ActiveCfg = Test|Any CPU
		{C43C6E49-C2EE-41CC-9321-89115B1EBA59}.Test|Any CPU.Build.0 = Test|Any CPU
		{744F2E15-8CAC-4C89-A677-C157AE574714}.Debug MimeoCmd|Any CPU.ActiveCfg = DevDebug|Any CPU
		{744F2E15-8CAC-4C89-A677-C157AE574714}.Debug MimeoCmd|Any CPU.Build.0 = DevDebug|Any CPU
		{744F2E15-8CAC-4C89-A677-C157AE574714}.Debug|Any CPU.ActiveCfg = DevDebug|Any CPU
		{744F2E15-8CAC-4C89-A677-C157AE574714}.Debug|Any CPU.Build.0 = DevDebug|Any CPU
		{744F2E15-8CAC-4C89-A677-C157AE574714}.Dev|Any CPU.ActiveCfg = Dev|Any CPU
		{744F2E15-8CAC-4C89-A677-C157AE574714}.Dev|Any CPU.Build.0 = Dev|Any CPU
		{744F2E15-8CAC-4C89-A677-C157AE574714}.DevDebug|Any CPU.ActiveCfg = DevDebug|Any CPU
		{744F2E15-8CAC-4C89-A677-C157AE574714}.DevDebug|Any CPU.Build.0 = DevDebug|Any CPU
		{744F2E15-8CAC-4C89-A677-C157AE574714}.DevDeploy|Any CPU.ActiveCfg = DevDeploy|Any CPU
		{744F2E15-8CAC-4C89-A677-C157AE574714}.DevDeploy|Any CPU.Build.0 = DevDeploy|Any CPU
		{744F2E15-8CAC-4C89-A677-C157AE574714}.LocalDebug|Any CPU.ActiveCfg = LocalDebug|Any CPU
		{744F2E15-8CAC-4C89-A677-C157AE574714}.LocalDebug|Any CPU.Build.0 = LocalDebug|Any CPU
		{744F2E15-8CAC-4C89-A677-C157AE574714}.LocalTest|Any CPU.ActiveCfg = LocalTest|Any CPU
		{744F2E15-8CAC-4C89-A677-C157AE574714}.LocalTest|Any CPU.Build.0 = LocalTest|Any CPU
		{744F2E15-8CAC-4C89-A677-C157AE574714}.Release|Any CPU.ActiveCfg = Release|Any CPU
		{744F2E15-8CAC-4C89-A677-C157AE574714}.Release|Any CPU.Build.0 = Release|Any CPU
		{744F2E15-8CAC-4C89-A677-C157AE574714}.Test|Any CPU.ActiveCfg = LocalTest|Any CPU
		{744F2E15-8CAC-4C89-A677-C157AE574714}.Test|Any CPU.Build.0 = LocalTest|Any CPU
		{6A719ABF-AB4B-47A1-81DD-64BF0EA0A087}.Debug MimeoCmd|Any CPU.ActiveCfg = Debug|Any CPU
		{6A719ABF-AB4B-47A1-81DD-64BF0EA0A087}.Debug MimeoCmd|Any CPU.Build.0 = Debug|Any CPU
		{6A719ABF-AB4B-47A1-81DD-64BF0EA0A087}.Debug|Any CPU.ActiveCfg = Debug|Any CPU
		{6A719ABF-AB4B-47A1-81DD-64BF0EA0A087}.Debug|Any CPU.Build.0 = Debug|Any CPU
		{6A719ABF-AB4B-47A1-81DD-64BF0EA0A087}.Dev|Any CPU.ActiveCfg = Debug|Any CPU
		{6A719ABF-AB4B-47A1-81DD-64BF0EA0A087}.Dev|Any CPU.Build.0 = Debug|Any CPU
		{6A719ABF-AB4B-47A1-81DD-64BF0EA0A087}.DevDebug|Any CPU.ActiveCfg = Debug|Any CPU
		{6A719ABF-AB4B-47A1-81DD-64BF0EA0A087}.DevDebug|Any CPU.Build.0 = Debug|Any CPU
		{6A719ABF-AB4B-47A1-81DD-64BF0EA0A087}.DevDeploy|Any CPU.ActiveCfg = Debug|Any CPU
		{6A719ABF-AB4B-47A1-81DD-64BF0EA0A087}.DevDeploy|Any CPU.Build.0 = Debug|Any CPU
		{6A719ABF-AB4B-47A1-81DD-64BF0EA0A087}.LocalDebug|Any CPU.ActiveCfg = Debug|Any CPU
		{6A719ABF-AB4B-47A1-81DD-64BF0EA0A087}.LocalDebug|Any CPU.Build.0 = Debug|Any CPU
		{6A719ABF-AB4B-47A1-81DD-64BF0EA0A087}.LocalTest|Any CPU.ActiveCfg = Release|Any CPU
		{6A719ABF-AB4B-47A1-81DD-64BF0EA0A087}.LocalTest|Any CPU.Build.0 = Release|Any CPU
		{6A719ABF-AB4B-47A1-81DD-64BF0EA0A087}.Release|Any CPU.ActiveCfg = Release|Any CPU
		{6A719ABF-AB4B-47A1-81DD-64BF0EA0A087}.Release|Any CPU.Build.0 = Release|Any CPU
		{6A719ABF-AB4B-47A1-81DD-64BF0EA0A087}.Test|Any CPU.ActiveCfg = Release|Any CPU
		{6A719ABF-AB4B-47A1-81DD-64BF0EA0A087}.Test|Any CPU.Build.0 = Release|Any CPU
		{472B4E43-337B-4ADC-B3A9-53D84B1943F9}.Debug MimeoCmd|Any CPU.ActiveCfg = Debug|Any CPU
		{472B4E43-337B-4ADC-B3A9-53D84B1943F9}.Debug MimeoCmd|Any CPU.Build.0 = Debug|Any CPU
		{472B4E43-337B-4ADC-B3A9-53D84B1943F9}.Debug|Any CPU.ActiveCfg = Debug|Any CPU
		{472B4E43-337B-4ADC-B3A9-53D84B1943F9}.Debug|Any CPU.Build.0 = Debug|Any CPU
		{472B4E43-337B-4ADC-B3A9-53D84B1943F9}.Dev|Any CPU.ActiveCfg = Debug|Any CPU
		{472B4E43-337B-4ADC-B3A9-53D84B1943F9}.Dev|Any CPU.Build.0 = Debug|Any CPU
		{472B4E43-337B-4ADC-B3A9-53D84B1943F9}.DevDebug|Any CPU.ActiveCfg = Debug|Any CPU
		{472B4E43-337B-4ADC-B3A9-53D84B1943F9}.DevDebug|Any CPU.Build.0 = Debug|Any CPU
		{472B4E43-337B-4ADC-B3A9-53D84B1943F9}.DevDeploy|Any CPU.ActiveCfg = Debug|Any CPU
		{472B4E43-337B-4ADC-B3A9-53D84B1943F9}.DevDeploy|Any CPU.Build.0 = Debug|Any CPU
		{472B4E43-337B-4ADC-B3A9-53D84B1943F9}.LocalDebug|Any CPU.ActiveCfg = Debug|Any CPU
		{472B4E43-337B-4ADC-B3A9-53D84B1943F9}.LocalDebug|Any CPU.Build.0 = Debug|Any CPU
		{472B4E43-337B-4ADC-B3A9-53D84B1943F9}.LocalTest|Any CPU.ActiveCfg = Release|Any CPU
		{472B4E43-337B-4ADC-B3A9-53D84B1943F9}.LocalTest|Any CPU.Build.0 = Release|Any CPU
		{472B4E43-337B-4ADC-B3A9-53D84B1943F9}.Release|Any CPU.ActiveCfg = Release|Any CPU
		{472B4E43-337B-4ADC-B3A9-53D84B1943F9}.Release|Any CPU.Build.0 = Release|Any CPU
		{472B4E43-337B-4ADC-B3A9-53D84B1943F9}.Test|Any CPU.ActiveCfg = Release|Any CPU
		{472B4E43-337B-4ADC-B3A9-53D84B1943F9}.Test|Any CPU.Build.0 = Release|Any CPU
	EndGlobalSection
	GlobalSection(SolutionProperties) = preSolution
		HideSolutionNode = FALSE
	EndGlobalSection
	GlobalSection(NestedProjects) = preSolution
		{E657D4C7-C837-4C68-9D63-3E1C3C1F3C2E} = {93CD009B-0440-4C77-A983-A744578FD3BB}
		{DD93FCFF-3B20-4877-B00C-97905F718CDF} = {D17CCFDD-2988-4A28-ADA4-2BB1F29D80E3}
		{EA309BCF-1B4F-4E84-BD88-799BB9EE121F} = {D17CCFDD-2988-4A28-ADA4-2BB1F29D80E3}
		{1DC4D59B-9707-4912-B32F-D066E57D3528} = {D17CCFDD-2988-4A28-ADA4-2BB1F29D80E3}
		{7E9944CF-E51C-4E5F-AD68-B2AB20078704} = {D17CCFDD-2988-4A28-ADA4-2BB1F29D80E3}
		{9C536641-FE2A-46B3-BAC5-FF70253F1917} = {D17CCFDD-2988-4A28-ADA4-2BB1F29D80E3}
		{3DB7E871-42BA-4A43-935B-707D552E0AAE} = {D17CCFDD-2988-4A28-ADA4-2BB1F29D80E3}
		{C43C6E49-C2EE-41CC-9321-89115B1EBA59} = {A3012989-74EB-4F69-BAA7-E43AE0A0513C}
		{472B4E43-337B-4ADC-B3A9-53D84B1943F9} = {93CD009B-0440-4C77-A983-A744578FD3BB}
	EndGlobalSection
EndGlobal
